
Microsoft Visual Studio Solution File, Format Version 12.00
# Visual Studio Version 17
VisualStudioVersion = 17.8.34525.116
MinimumVisualStudioVersion = 10.0.40219.1
Project("{9A19103F-16F7-4668-BE54-9A1E7A4F7556}") = "WebApplication1", "WebApplication1.csproj", "{314195C0-F441-4ED7-9CF7-CC57AB11ACEE}"
EndProject
Global
	GlobalSection(SolutionConfigurationPlatforms) = preSolution
		Debug|Any CPU = Debug|Any CPU
		Release|Any CPU = Release|Any CPU
	EndGlobalSection
	GlobalSection(ProjectConfigurationPlatforms) = postSolution
		{314195C0-F441-4ED7-9CF7-CC57AB11ACEE}.Debug|Any CPU.ActiveCfg = Debug|Any CPU
		{314195C0-F441-4ED7-9CF7-CC57AB11ACEE}.Debug|Any CPU.Build.0 = Debug|Any CPU
		{314195C0-F441-4ED7-9CF7-CC57AB11ACEE}.Release|Any CPU.ActiveCfg = Release|Any CPU
		{314195C0-F441-4ED7-9CF7-CC57AB11ACEE}.Release|Any CPU.Build.0 = Release|Any CPU
	EndGlobalSection
	GlobalSection(SolutionProperties) = preSolution
		HideSolutionNode = FALSE
	EndGlobalSection
	GlobalSection(ExtensibilityGlobals) = postSolution
		SolutionGuid = {06870B7C-9A61-4930-AD00-8B069FF6A972}
	EndGlobalSection
EndGlobal
